
Microsoft Visual Studio Solution File, Format Version 12.00
# Visual Studio 15
VisualStudioVersion = 15.0.28010.2050
MinimumVisualStudioVersion = 10.0.40219.1
Project("{FAE04EC0-301F-11D3-BF4B-00C04F79EFBC}") = "Library", "Library\Library.csproj", "{F174D1E9-CC5C-4C64-9BF4-5CA980E0E737}"
EndProject
Project("{FAE04EC0-301F-11D3-BF4B-00C04F79EFBC}") = "LibraryTests", "LibraryTests\LibraryTests.csproj", "{A563A0F5-C690-4D83-B571-A39EF5F62C65}"
EndProject
Project("{FAE04EC0-301F-11D3-BF4B-00C04F79EFBC}") = "GraphExploring", "GraphExploring\GraphExploring.csproj", "{1BE071E3-2757-471F-837A-383D603C8743}"
EndProject
Project("{FAE04EC0-301F-11D3-BF4B-00C04F79EFBC}") = "GraphTraversal", "GraphTraversal\GraphTraversal.csproj", "{8A2280CB-3AEA-4316-B0D4-A47D41B8A7F1}"
EndProject
Global
	GlobalSection(SolutionConfigurationPlatforms) = preSolution
		Debug|Any CPU = Debug|Any CPU
		Debug|x64 = Debug|x64
		Debug|x86 = Debug|x86
		Release|Any CPU = Release|Any CPU
		Release|x64 = Release|x64
		Release|x86 = Release|x86
	EndGlobalSection
	GlobalSection(ProjectConfigurationPlatforms) = postSolution
		{F174D1E9-CC5C-4C64-9BF4-5CA980E0E737}.Debug|Any CPU.ActiveCfg = Debug|Any CPU
		{F174D1E9-CC5C-4C64-9BF4-5CA980E0E737}.Debug|Any CPU.Build.0 = Debug|Any CPU
		{F174D1E9-CC5C-4C64-9BF4-5CA980E0E737}.Debug|x64.ActiveCfg = Debug|Any CPU
		{F174D1E9-CC5C-4C64-9BF4-5CA980E0E737}.Debug|x64.Build.0 = Debug|Any CPU
		{F174D1E9-CC5C-4C64-9BF4-5CA980E0E737}.Debug|x86.ActiveCfg = Debug|Any CPU
		{F174D1E9-CC5C-4C64-9BF4-5CA980E0E737}.Debug|x86.Build.0 = Debug|Any CPU
		{F174D1E9-CC5C-4C64-9BF4-5CA980E0E737}.Release|Any CPU.ActiveCfg = Release|Any CPU
		{F174D1E9-CC5C-4C64-9BF4-5CA980E0E737}.Release|Any CPU.Build.0 = Release|Any CPU
		{F174D1E9-CC5C-4C64-9BF4-5CA980E0E737}.Release|x64.ActiveCfg = Release|Any CPU
		{F174D1E9-CC5C-4C64-9BF4-5CA980E0E737}.Release|x64.Build.0 = Release|Any CPU
		{F174D1E9-CC5C-4C64-9BF4-5CA980E0E737}.Release|x86.ActiveCfg = Release|Any CPU
		{F174D1E9-CC5C-4C64-9BF4-5CA980E0E737}.Release|x86.Build.0 = Release|Any CPU
		{A563A0F5-C690-4D83-B571-A39EF5F62C65}.Debug|Any CPU.ActiveCfg = Debug|Any CPU
		{A563A0F5-C690-4D83-B571-A39EF5F62C65}.Debug|Any CPU.Build.0 = Debug|Any CPU
		{A563A0F5-C690-4D83-B571-A39EF5F62C65}.Debug|x64.ActiveCfg = Debug|Any CPU
		{A563A0F5-C690-4D83-B571-A39EF5F62C65}.Debug|x64.Build.0 = Debug|Any CPU
		{A563A0F5-C690-4D83-B571-A39EF5F62C65}.Debug|x86.ActiveCfg = Debug|Any CPU
		{A563A0F5-C690-4D83-B571-A39EF5F62C65}.Debug|x86.Build.0 = Debug|Any CPU
		{A563A0F5-C690-4D83-B571-A39EF5F62C65}.Release|Any CPU.ActiveCfg = Release|Any CPU
		{A563A0F5-C690-4D83-B571-A39EF5F62C65}.Release|Any CPU.Build.0 = Release|Any CPU
		{A563A0F5-C690-4D83-B571-A39EF5F62C65}.Release|x64.ActiveCfg = Release|Any CPU
		{A563A0F5-C690-4D83-B571-A39EF5F62C65}.Release|x64.Build.0 = Release|Any CPU
		{A563A0F5-C690-4D83-B571-A39EF5F62C65}.Release|x86.ActiveCfg = Release|Any CPU
		{A563A0F5-C690-4D83-B571-A39EF5F62C65}.Release|x86.Build.0 = Release|Any CPU
		{1BE071E3-2757-471F-837A-383D603C8743}.Debug|Any CPU.ActiveCfg = Debug|Any CPU
		{1BE071E3-2757-471F-837A-383D603C8743}.Debug|Any CPU.Build.0 = Debug|Any CPU
		{1BE071E3-2757-471F-837A-383D603C8743}.Debug|x64.ActiveCfg = Debug|Any CPU
		{1BE071E3-2757-471F-837A-383D603C8743}.Debug|x64.Build.0 = Debug|Any CPU
		{1BE071E3-2757-471F-837A-383D603C8743}.Debug|x86.ActiveCfg = Debug|Any CPU
		{1BE071E3-2757-471F-837A-383D603C8743}.Debug|x86.Build.0 = Debug|Any CPU
		{1BE071E3-2757-471F-837A-383D603C8743}.Release|Any CPU.ActiveCfg = Release|Any CPU
		{1BE071E3-2757-471F-837A-383D603C8743}.Release|Any CPU.Build.0 = Release|Any CPU
		{1BE071E3-2757-471F-837A-383D603C8743}.Release|x64.ActiveCfg = Release|Any CPU
		{1BE071E3-2757-471F-837A-383D603C8743}.Release|x64.Build.0 = Release|Any CPU
		{1BE071E3-2757-471F-837A-383D603C8743}.Release|x86.ActiveCfg = Release|Any CPU
		{1BE071E3-2757-471F-837A-383D603C8743}.Release|x86.Build.0 = Release|Any CPU
		{8A2280CB-3AEA-4316-B0D4-A47D41B8A7F1}.Debug|Any CPU.ActiveCfg = Debug|Any CPU
		{8A2280CB-3AEA-4316-B0D4-A47D41B8A7F1}.Debug|Any CPU.Build.0 = Debug|Any CPU
		{8A2280CB-3AEA-4316-B0D4-A47D41B8A7F1}.Debug|x64.ActiveCfg = Debug|Any CPU
		{8A2280CB-3AEA-4316-B0D4-A47D41B8A7F1}.Debug|x64.Build.0 = Debug|Any CPU
		{8A2280CB-3AEA-4316-B0D4-A47D41B8A7F1}.Debug|x86.ActiveCfg = Debug|Any CPU
		{8A2280CB-3AEA-4316-B0D4-A47D41B8A7F1}.Debug|x86.Build.0 = Debug|Any CPU
		{8A2280CB-3AEA-4316-B0D4-A47D41B8A7F1}.Release|Any CPU.ActiveCfg = Release|Any CPU
		{8A2280CB-3AEA-4316-B0D4-A47D41B8A7F1}.Release|Any CPU.Build.0 = Release|Any CPU
		{8A2280CB-3AEA-4316-B0D4-A47D41B8A7F1}.Release|x64.ActiveCfg = Release|Any CPU
		{8A2280CB-3AEA-4316-B0D4-A47D41B8A7F1}.Release|x64.Build.0 = Release|Any CPU
		{8A2280CB-3AEA-4316-B0D4-A47D41B8A7F1}.Release|x86.ActiveCfg = Release|Any CPU
		{8A2280CB-3AEA-4316-B0D4-A47D41B8A7F1}.Release|x86.Build.0 = Release|Any CPU
	EndGlobalSection
	GlobalSection(SolutionProperties) = preSolution
		HideSolutionNode = FALSE
	EndGlobalSection
	GlobalSection(ExtensibilityGlobals) = postSolution
		SolutionGuid = {085635D6-DE4C-4BE6-8C42-23FC158EFD02}
	EndGlobalSection
EndGlobal
